
Microsoft Visual Studio Solution File, Format Version 12.00
# Visual Studio Version 17
VisualStudioVersion = 17.4.33213.308
MinimumVisualStudioVersion = 10.0.40219.1
Project("{9A19103F-16F7-4668-BE54-9A1E7A4F7556}") = "RazorPagesProjectGeneral", "RazorPagesProjectGeneral\RazorPagesProjectGeneral.csproj", "{032ED958-A220-4072-95B1-2C17671FF15A}"
EndProject
Project("{9A19103F-16F7-4668-BE54-9A1E7A4F7556}") = "RazorPagesProject.Models", "RazorPagesProject.Models\RazorPagesProject.Models.csproj", "{9704E128-D9AF-4651-ABF7-7E46DA71106F}"
EndProject
Project("{9A19103F-16F7-4668-BE54-9A1E7A4F7556}") = "RazorPagesProject.Services", "RazorPagesProject.Services\RazorPagesProject.Services.csproj", "{D80149CF-0465-4417-9618-3F37AD97AB1A}"
EndProject
Global
	GlobalSection(SolutionConfigurationPlatforms) = preSolution
		Debug|Any CPU = Debug|Any CPU
		Release|Any CPU = Release|Any CPU
	EndGlobalSection
	GlobalSection(ProjectConfigurationPlatforms) = postSolution
		{032ED958-A220-4072-95B1-2C17671FF15A}.Debug|Any CPU.ActiveCfg = Debug|Any CPU
		{032ED958-A220-4072-95B1-2C17671FF15A}.Debug|Any CPU.Build.0 = Debug|Any CPU
		{032ED958-A220-4072-95B1-2C17671FF15A}.Release|Any CPU.ActiveCfg = Release|Any CPU
		{032ED958-A220-4072-95B1-2C17671FF15A}.Release|Any CPU.Build.0 = Release|Any CPU
		{9704E128-D9AF-4651-ABF7-7E46DA71106F}.Debug|Any CPU.ActiveCfg = Debug|Any CPU
		{9704E128-D9AF-4651-ABF7-7E46DA71106F}.Debug|Any CPU.Build.0 = Debug|Any CPU
		{9704E128-D9AF-4651-ABF7-7E46DA71106F}.Release|Any CPU.ActiveCfg = Release|Any CPU
		{9704E128-D9AF-4651-ABF7-7E46DA71106F}.Release|Any CPU.Build.0 = Release|Any CPU
		{D80149CF-0465-4417-9618-3F37AD97AB1A}.Debug|Any CPU.ActiveCfg = Debug|Any CPU
		{D80149CF-0465-4417-9618-3F37AD97AB1A}.Debug|Any CPU.Build.0 = Debug|Any CPU
		{D80149CF-0465-4417-9618-3F37AD97AB1A}.Release|Any CPU.ActiveCfg = Release|Any CPU
		{D80149CF-0465-4417-9618-3F37AD97AB1A}.Release|Any CPU.Build.0 = Release|Any CPU
	EndGlobalSection
	GlobalSection(SolutionProperties) = preSolution
		HideSolutionNode = FALSE
	EndGlobalSection
	GlobalSection(ExtensibilityGlobals) = postSolution
		SolutionGuid = {723A2480-A71C-4618-B790-19D0CD21DDBC}
	EndGlobalSection
EndGlobal
